// !$*UTF8*$!
{
	archiveVersion = 1;
	classes = {
	};
	objectVersion = 48;
	objects = {

/* Begin PBXBuildFile section */
		9F7844742057F6BE0092517B /* AppDelegate.swift in Sources */ = {isa = PBXBuildFile; fileRef = 9F7844732057F6BE0092517B /* AppDelegate.swift */; };
		9F7844762057F6BE0092517B /* ViewController.swift in Sources */ = {isa = PBXBuildFile; fileRef = 9F7844752057F6BE0092517B /* ViewController.swift */; };
		9F7844792057F6BE0092517B /* Main.storyboard in Resources */ = {isa = PBXBuildFile; fileRef = 9F7844772057F6BE0092517B /* Main.storyboard */; };
		9F78447B2057F6BE0092517B /* Assets.xcassets in Resources */ = {isa = PBXBuildFile; fileRef = 9F78447A2057F6BE0092517B /* Assets.xcassets */; };
		9F78447E2057F6BE0092517B /* LaunchScreen.storyboard in Resources */ = {isa = PBXBuildFile; fileRef = 9F78447C2057F6BE0092517B /* LaunchScreen.storyboard */; };
		9F7844892057F6BE0092517B /* FirstAppTests.swift in Sources */ = {isa = PBXBuildFile; fileRef = 9F7844882057F6BE0092517B /* FirstAppTests.swift */; };
		9F7844942057F6BE0092517B /* FirstAppUITests.swift in Sources */ = {isa = PBXBuildFile; fileRef = 9F7844932057F6BE0092517B /* FirstAppUITests.swift */; };
		9F7844A22057FCD40092517B /* sng.png in Resources */ = {isa = PBXBuildFile; fileRef = 9F7844A12057FCD40092517B /* sng.png */; };
/* End PBXBuildFile section */

/* Begin PBXContainerItemProxy section */
		9F7844852057F6BE0092517B /* PBXContainerItemProxy */ = {
			isa = PBXContainerItemProxy;
			containerPortal = 9F7844682057F6BE0092517B /* Project object */;
			proxyType = 1;
			remoteGlobalIDString = 9F78446F2057F6BE0092517B;
			remoteInfo = FirstApp;
		};
		9F7844902057F6BE0092517B /* PBXContainerItemProxy */ = {
			isa = PBXContainerItemProxy;
			containerPortal = 9F7844682057F6BE0092517B /* Project object */;
			proxyType = 1;
			remoteGlobalIDString = 9F78446F2057F6BE0092517B;
			remoteInfo = FirstApp;
		};
/* End PBXContainerItemProxy section */

/* Begin PBXFileReference section */
		9F7844702057F6BE0092517B /* FirstApp.app */ = {isa = PBXFileReference; explicitFileType = wrapper.application; includeInIndex = 0; path = FirstApp.app; sourceTree = BUILT_PRODUCTS_DIR; };
		9F7844732057F6BE0092517B /* AppDelegate.swift */ = {isa = PBXFileReference; lastKnownFileType = sourcecode.swift; path = AppDelegate.swift; sourceTree = "<group>"; };
		9F7844752057F6BE0092517B /* ViewController.swift */ = {isa = PBXFileReference; lastKnownFileType = sourcecode.swift; path = ViewController.swift; sourceTree = "<group>"; };
		9F7844782057F6BE0092517B /* Base */ = {isa = PBXFileReference; lastKnownFileType = file.storyboard; name = Base; path = Base.lproj/Main.storyboard; sourceTree = "<group>"; };
		9F78447A2057F6BE0092517B /* Assets.xcassets */ = {isa = PBXFileReference; lastKnownFileType = folder.assetcatalog; path = Assets.xcassets; sourceTree = "<group>"; };
		9F78447D2057F6BE0092517B /* Base */ = {isa = PBXFileReference; lastKnownFileType = file.storyboard; name = Base; path = Base.lproj/LaunchScreen.storyboard; sourceTree = "<group>"; };
		9F78447F2057F6BE0092517B /* Info.plist */ = {isa = PBXFileReference; lastKnownFileType = text.plist.xml; path = Info.plist; sourceTree = "<group>"; };
		9F7844842057F6BE0092517B /* FirstAppTests.xctest */ = {isa = PBXFileReference; explicitFileType = wrapper.cfbundle; includeInIndex = 0; path = FirstAppTests.xctest; sourceTree = BUILT_PRODUCTS_DIR; };
		9F7844882057F6BE0092517B /* FirstAppTests.swift */ = {isa = PBXFileReference; lastKnownFileType = sourcecode.swift; path = FirstAppTests.swift; sourceTree = "<group>"; };
		9F78448A2057F6BE0092517B /* Info.plist */ = {isa = PBXFileReference; lastKnownFileType = text.plist.xml; path = Info.plist; sourceTree = "<group>"; };
		9F78448F2057F6BE0092517B /* FirstAppUITests.xctest */ = {isa = PBXFileReference; explicitFileType = wrapper.cfbundle; includeInIndex = 0; path = FirstAppUITests.xctest; sourceTree = BUILT_PRODUCTS_DIR; };
		9F7844932057F6BE0092517B /* FirstAppUITests.swift */ = {isa = PBXFileReference; lastKnownFileType = sourcecode.swift; path = FirstAppUITests.swift; sourceTree = "<group>"; };
		9F7844952057F6BE0092517B /* Info.plist */ = {isa = PBXFileReference; lastKnownFileType = text.plist.xml; path = Info.plist; sourceTree = "<group>"; };
		9F7844A12057FCD40092517B /* sng.png */ = {isa = PBXFileReference; lastKnownFileType = image.png; path = sng.png; sourceTree = "<group>"; };
/* End PBXFileReference section */

/* Begin PBXFrameworksBuildPhase section */
		9F78446D2057F6BE0092517B /* Frameworks */ = {
			isa = PBXFrameworksBuildPhase;
			buildActionMask = 2147483647;
			files = (
			);
			runOnlyForDeploymentPostprocessing = 0;
		};
		9F7844812057F6BE0092517B /* Frameworks */ = {
			isa = PBXFrameworksBuildPhase;
			buildActionMask = 2147483647;
			files = (
			);
			runOnlyForDeploymentPostprocessing = 0;
		};
		9F78448C2057F6BE0092517B /* Frameworks */ = {
			isa = PBXFrameworksBuildPhase;
			buildActionMask = 2147483647;
			files = (
			);
			runOnlyForDeploymentPostprocessing = 0;
		};
/* End PBXFrameworksBuildPhase section */

/* Begin PBXGroup section */
		9F7844672057F6BE0092517B = {
			isa = PBXGroup;
			children = (
				9F7844722057F6BE0092517B /* FirstApp */,
				9F7844872057F6BE0092517B /* FirstAppTests */,
				9F7844922057F6BE0092517B /* FirstAppUITests */,
				9F7844712057F6BE0092517B /* Products */,
			);
			sourceTree = "<group>";
		};
		9F7844712057F6BE0092517B /* Products */ = {
			isa = PBXGroup;
			children = (
				9F7844702057F6BE0092517B /* FirstApp.app */,
				9F7844842057F6BE0092517B /* FirstAppTests.xctest */,
				9F78448F2057F6BE0092517B /* FirstAppUITests.xctest */,
			);
			name = Products;
			sourceTree = "<group>";
		};
		9F7844722057F6BE0092517B /* FirstApp */ = {
			isa = PBXGroup;
			children = (
				9F7844A12057FCD40092517B /* sng.png */,
				9F7844732057F6BE0092517B /* AppDelegate.swift */,
				9F7844752057F6BE0092517B /* ViewController.swift */,
				9F7844772057F6BE0092517B /* Main.storyboard */,
				9F78447A2057F6BE0092517B /* Assets.xcassets */,
				9F78447C2057F6BE0092517B /* LaunchScreen.storyboard */,
				9F78447F2057F6BE0092517B /* Info.plist */,
			);
			path = FirstApp;
			sourceTree = "<group>";
		};
		9F7844872057F6BE0092517B /* FirstAppTests */ = {
			isa = PBXGroup;
			children = (
				9F7844882057F6BE0092517B /* FirstAppTests.swift */,
				9F78448A2057F6BE0092517B /* Info.plist */,
			);
			path = FirstAppTests;
			sourceTree = "<group>";
		};
		9F7844922057F6BE0092517B /* FirstAppUITests */ = {
			isa = PBXGroup;
			children = (
				9F7844932057F6BE0092517B /* FirstAppUITests.swift */,
				9F7844952057F6BE0092517B /* Info.plist */,
			);
			path = FirstAppUITests;
			sourceTree = "<group>";
		};
/* End PBXGroup section */

/* Begin PBXNativeTarget section */
		9F78446F2057F6BE0092517B /* FirstApp */ = {
			isa = PBXNativeTarget;
			buildConfigurationList = 9F7844982057F6BE0092517B /* Build configuration list for PBXNativeTarget "FirstApp" */;
			buildPhases = (
				9F78446C2057F6BE0092517B /* Sources */,
				9F78446D2057F6BE0092517B /* Frameworks */,
				9F78446E2057F6BE0092517B /* Resources */,
			);
			buildRules = (
			);
			dependencies = (
			);
			name = FirstApp;
			productName = FirstApp;
			productReference = 9F7844702057F6BE0092517B /* FirstApp.app */;
			productType = "com.apple.product-type.application";
		};
		9F7844832057F6BE0092517B /* FirstAppTests */ = {
			isa = PBXNativeTarget;
			buildConfigurationList = 9F78449B2057F6BE0092517B /* Build configuration list for PBXNativeTarget "FirstAppTests" */;
			buildPhases = (
				9F7844802057F6BE0092517B /* Sources */,
				9F7844812057F6BE0092517B /* Frameworks */,
				9F7844822057F6BE0092517B /* Resources */,
			);
			buildRules = (
			);
			dependencies = (
				9F7844862057F6BE0092517B /* PBXTargetDependency */,
			);
			name = FirstAppTests;
			productName = FirstAppTests;
			productReference = 9F7844842057F6BE0092517B /* FirstAppTests.xctest */;
			productType = "com.apple.product-type.bundle.unit-test";
		};
		9F78448E2057F6BE0092517B /* FirstAppUITests */ = {
			isa = PBXNativeTarget;
			buildConfigurationList = 9F78449E2057F6BE0092517B /* Build configuration list for PBXNativeTarget "FirstAppUITests" */;
			buildPhases = (
				9F78448B2057F6BE0092517B /* Sources */,
				9F78448C2057F6BE0092517B /* Frameworks */,
				9F78448D2057F6BE0092517B /* Resources */,
			);
			buildRules = (
			);
			dependencies = (
				9F7844912057F6BE0092517B /* PBXTargetDependency */,
			);
			name = FirstAppUITests;
			productName = FirstAppUITests;
			productReference = 9F78448F2057F6BE0092517B /* FirstAppUITests.xctest */;
			productType = "com.apple.product-type.bundle.ui-testing";
		};
/* End PBXNativeTarget section */

/* Begin PBXProject section */
		9F7844682057F6BE0092517B /* Project object */ = {
			isa = PBXProject;
			attributes = {
				LastSwiftUpdateCheck = 0920;
				LastUpgradeCheck = 0920;
				ORGANIZATIONNAME = "Ahmet Singan";
				TargetAttributes = {
					9F78446F2057F6BE0092517B = {
						CreatedOnToolsVersion = 9.2;
						ProvisioningStyle = Automatic;
					};
					9F7844832057F6BE0092517B = {
						CreatedOnToolsVersion = 9.2;
						ProvisioningStyle = Automatic;
						TestTargetID = 9F78446F2057F6BE0092517B;
					};
					9F78448E2057F6BE0092517B = {
						CreatedOnToolsVersion = 9.2;
						ProvisioningStyle = Automatic;
						TestTargetID = 9F78446F2057F6BE0092517B;
					};
				};
			};
			buildConfigurationList = 9F78446B2057F6BE0092517B /* Build configuration list for PBXProject "FirstApp" */;
			compatibilityVersion = "Xcode 8.0";
			developmentRegion = en;
			hasScannedForEncodings = 0;
			knownRegions = (
				en,
				Base,
			);
			mainGroup = 9F7844672057F6BE0092517B;
			productRefGroup = 9F7844712057F6BE0092517B /* Products */;
			projectDirPath = "";
			projectRoot = "";
			targets = (
				9F78446F2057F6BE0092517B /* FirstApp */,
				9F7844832057F6BE0092517B /* FirstAppTests */,
				9F78448E2057F6BE0092517B /* FirstAppUITests */,
			);
		};
/* End PBXProject section */

/* Begin PBXResourcesBuildPhase section */
		9F78446E2057F6BE0092517B /* Resources */ = {
			isa = PBXResourcesBuildPhase;
			buildActionMask = 2147483647;
			files = (
				9F78447E2057F6BE0092517B /* LaunchScreen.storyboard in Resources */,
				9F78447B2057F6BE0092517B /* Assets.xcassets in Resources */,
				9F7844A22057FCD40092517B /* sng.png in Resources */,
				9F7844792057F6BE0092517B /* Main.storyboard in Resources */,
			);
			runOnlyForDeploymentPostprocessing = 0;
		};
		9F7844822057F6BE0092517B /* Resources */ = {
			isa = PBXResourcesBuildPhase;
			buildActionMask = 2147483647;
			files = (
			);
			runOnlyForDeploymentPostprocessing = 0;
		};
		9F78448D2057F6BE0092517B /* Resources */ = {
			isa = PBXResourcesBuildPhase;
			buildActionMask = 2147483647;
			files = (
			);
			runOnlyForDeploymentPostprocessing = 0;
		};
/* End PBXResourcesBuildPhase section */

/* Begin PBXSourcesBuildPhase section */
		9F78446C2057F6BE0092517B /* Sources */ = {
			isa = PBXSourcesBuildPhase;
			buildActionMask = 2147483647;
			files = (
				9F7844762057F6BE0092517B /* ViewController.swift in Sources */,
				9F7844742057F6BE0092517B /* AppDelegate.swift in Sources */,
			);
			runOnlyForDeploymentPostprocessing = 0;
		};
		9F7844802057F6BE0092517B /* Sources */ = {
			isa = PBXSourcesBuildPhase;
			buildActionMask = 2147483647;
			files = (
				9F7844892057F6BE0092517B /* FirstAppTests.swift in Sources */,
			);
			runOnlyForDeploymentPostprocessing = 0;
		};
		9F78448B2057F6BE0092517B /* Sources */ = {
			isa = PBXSourcesBuildPhase;
			buildActionMask = 2147483647;
			files = (
				9F7844942057F6BE0092517B /* FirstAppUITests.swift in Sources */,
			);
			runOnlyForDeploymentPostprocessing = 0;
		};
/* End PBXSourcesBuildPhase section */

/* Begin PBXTargetDependency section */
		9F7844862057F6BE0092517B /* PBXTargetDependency */ = {
			isa = PBXTargetDependency;
			target = 9F78446F2057F6BE0092517B /* FirstApp */;
			targetProxy = 9F7844852057F6BE0092517B /* PBXContainerItemProxy */;
		};
		9F7844912057F6BE0092517B /* PBXTargetDependency */ = {
			isa = PBXTargetDependency;
			target = 9F78446F2057F6BE0092517B /* FirstApp */;
			targetProxy = 9F7844902057F6BE0092517B /* PBXContainerItemProxy */;
		};
/* End PBXTargetDependency section */

/* Begin PBXVariantGroup section */
		9F7844772057F6BE0092517B /* Main.storyboard */ = {
			isa = PBXVariantGroup;
			children = (
				9F7844782057F6BE0092517B /* Base */,
			);
			name = Main.storyboard;
			sourceTree = "<group>";
		};
		9F78447C2057F6BE0092517B /* LaunchScreen.storyboard */ = {
			isa = PBXVariantGroup;
			children = (
				9F78447D2057F6BE0092517B /* Base */,
			);
			name = LaunchScreen.storyboard;
			sourceTree = "<group>";
		};
/* End PBXVariantGroup section */

/* Begin XCBuildConfiguration section */
		9F7844962057F6BE0092517B /* Debug */ = {
			isa = XCBuildConfiguration;
			buildSettings = {
				ALWAYS_SEARCH_USER_PATHS = NO;
				CLANG_ANALYZER_NONNULL = YES;
				CLANG_ANALYZER_NUMBER_OBJECT_CONVERSION = YES_AGGRESSIVE;
				CLANG_CXX_LANGUAGE_STANDARD = "gnu++14";
				CLANG_CXX_LIBRARY = "libc++";
				CLANG_ENABLE_MODULES = YES;
				CLANG_ENABLE_OBJC_ARC = YES;
				CLANG_WARN_BLOCK_CAPTURE_AUTORELEASING = YES;
				CLANG_WARN_BOOL_CONVERSION = YES;
				CLANG_WARN_COMMA = YES;
				CLANG_WARN_CONSTANT_CONVERSION = YES;
				CLANG_WARN_DIRECT_OBJC_ISA_USAGE = YES_ERROR;
				CLANG_WARN_DOCUMENTATION_COMMENTS = YES;
				CLANG_WARN_EMPTY_BODY = YES;
				CLANG_WARN_ENUM_CONVERSION = YES;
				CLANG_WARN_INFINITE_RECURSION = YES;
				CLANG_WARN_INT_CONVERSION = YES;
				CLANG_WARN_NON_LITERAL_NULL_CONVERSION = YES;
				CLANG_WARN_OBJC_LITERAL_CONVERSION = YES;
				CLANG_WARN_OBJC_ROOT_CLASS = YES_ERROR;
				CLANG_WARN_RANGE_LOOP_ANALYSIS = YES;
				CLANG_WARN_STRICT_PROTOTYPES = YES;
				CLANG_WARN_SUSPICIOUS_MOVE = YES;
				CLANG_WARN_UNGUARDED_AVAILABILITY = YES_AGGRESSIVE;
				CLANG_WARN_UNREACHABLE_CODE = YES;
				CLANG_WARN__DUPLICATE_METHOD_MATCH = YES;
				CODE_SIGN_IDENTITY = "iPhone Developer";
				COPY_PHASE_STRIP = NO;
				DEBUG_INFORMATION_FORMAT = dwarf;
				ENABLE_STRICT_OBJC_MSGSEND = YES;
				ENABLE_TESTABILITY = YES;
				GCC_C_LANGUAGE_STANDARD = gnu11;
				GCC_DYNAMIC_NO_PIC = NO;
				GCC_NO_COMMON_BLOCKS = YES;
				GCC_OPTIMIZATION_LEVEL = 0;
				GCC_PREPROCESSOR_DEFINITIONS = (
					"DEBUG=1",
					"$(inherited)",
				);
				GCC_WARN_64_TO_32_BIT_CONVERSION = YES;
				GCC_WARN_ABOUT_RETURN_TYPE = YES_ERROR;
				GCC_WARN_UNDECLARED_SELECTOR = YES;
				GCC_WARN_UNINITIALIZED_AUTOS = YES_AGGRESSIVE;
				GCC_WARN_UNUSED_FUNCTION = YES;
				GCC_WARN_UNUSED_VARIABLE = YES;
				IPHONEOS_DEPLOYMENT_TARGET = 11.2;
				MTL_ENABLE_DEBUG_INFO = YES;
				ONLY_ACTIVE_ARCH = YES;
				SDKROOT = iphoneos;
				SWIFT_ACTIVE_COMPILATION_CONDITIONS = DEBUG;
				SWIFT_OPTIMIZATION_LEVEL = "-Onone";
			};
			name = Debug;
		};
		9F7844972057F6BE0092517B /* Release */ = {
			isa = XCBuildConfiguration;
			buildSettings = {
				ALWAYS_SEARCH_USER_PATHS = NO;
				CLANG_ANALYZER_NONNULL = YES;
				CLANG_ANALYZER_NUMBER_OBJECT_CONVERSION = YES_AGGRESSIVE;
				CLANG_CXX_LANGUAGE_STANDARD = "gnu++14";
				CLANG_CXX_LIBRARY = "libc++";
				CLANG_ENABLE_MODULES = YES;
				CLANG_ENABLE_OBJC_ARC = YES;
				CLANG_WARN_BLOCK_CAPTURE_AUTORELEASING = YES;
				CLANG_WARN_BOOL_CONVERSION = YES;
				CLANG_WARN_COMMA = YES;
				CLANG_WARN_CONSTANT_CONVERSION = YES;
				CLANG_WARN_DIRECT_OBJC_ISA_USAGE = YES_ERROR;
				CLANG_WARN_DOCUMENTATION_COMMENTS = YES;
				CLANG_WARN_EMPTY_BODY = YES;
				CLANG_WARN_ENUM_CONVERSION = YES;
				CLANG_WARN_INFINITE_RECURSION = YES;
				CLANG_WARN_INT_CONVERSION = YES;
				CLANG_WARN_NON_LITERAL_NULL_CONVERSION = YES;
				CLANG_WARN_OBJC_LITERAL_CONVERSION = YES;
				CLANG_WARN_OBJC_ROOT_CLASS = YES_ERROR;
				CLANG_WARN_RANGE_LOOP_ANALYSIS = YES;
				CLANG_WARN_STRICT_PROTOTYPES = YES;
				CLANG_WARN_SUSPICIOUS_MOVE = YES;
				CLANG_WARN_UNGUARDED_AVAILABILITY = YES_AGGRESSIVE;
				CLANG_WARN_UNREACHABLE_CODE = YES;
				CLANG_WARN__DUPLICATE_METHOD_MATCH = YES;
				CODE_SIGN_IDENTITY = "iPhone Developer";
				COPY_PHASE_STRIP = NO;
				DEBUG_INFORMATION_FORMAT = "dwarf-with-dsym";
				ENABLE_NS_ASSERTIONS = NO;
				ENABLE_STRICT_OBJC_MSGSEND = YES;
				GCC_C_LANGUAGE_STANDARD = gnu11;
				GCC_NO_COMMON_BLOCKS = YES;
				GCC_WARN_64_TO_32_BIT_CONVERSION = YES;
				GCC_WARN_ABOUT_RETURN_TYPE = YES_ERROR;
				GCC_WARN_UNDECLARED_SELECTOR = YES;
				GCC_WARN_UNINITIALIZED_AUTOS = YES_AGGRESSIVE;
				GCC_WARN_UNUSED_FUNCTION = YES;
				GCC_WARN_UNUSED_VARIABLE = YES;
				IPHONEOS_DEPLOYMENT_TARGET = 11.2;
				MTL_ENABLE_DEBUG_INFO = NO;
				SDKROOT = iphoneos;
				SWIFT_OPTIMIZATION_LEVEL = "-Owholemodule";
				VALIDATE_PRODUCT = YES;
			};
			name = Release;
		};
		9F7844992057F6BE0092517B /* Debug */ = {
			isa = XCBuildConfiguration;
			buildSettings = {
				ASSETCATALOG_COMPILER_APPICON_NAME = AppIcon;
				CODE_SIGN_STYLE = Automatic;
				DEVELOPMENT_TEAM = JQKS39UGZ3;
				INFOPLIST_FILE = FirstApp/Info.plist;
				LD_RUNPATH_SEARCH_PATHS = "$(inherited) @executable_path/Frameworks";
				PRODUCT_BUNDLE_IDENTIFIER = com.ahmetsingan.FirstApp;
				PRODUCT_NAME = "$(TARGET_NAME)";
				SWIFT_VERSION = 4.0;
				TARGETED_DEVICE_FAMILY = "1,2";
			};
			name = Debug;
		};
		9F78449A2057F6BE0092517B /* Release */ = {
			isa = XCBuildConfiguration;
			buildSettings = {
				ASSETCATALOG_COMPILER_APPICON_NAME = AppIcon;
				CODE_SIGN_STYLE = Automatic;
				DEVELOPMENT_TEAM = JQKS39UGZ3;
				INFOPLIST_FILE = FirstApp/Info.plist;
				LD_RUNPATH_SEARCH_PATHS = "$(inherited) @executable_path/Frameworks";
				PRODUCT_BUNDLE_IDENTIFIER = com.ahmetsingan.FirstApp;
				PRODUCT_NAME = "$(TARGET_NAME)";
				SWIFT_VERSION = 4.0;
				TARGETED_DEVICE_FAMILY = "1,2";
			};
			name = Release;
		};
		9F78449C2057F6BE0092517B /* Debug */ = {
			isa = XCBuildConfiguration;
			buildSettings = {
				ALWAYS_EMBED_SWIFT_STANDARD_LIBRARIES = YES;
				BUNDLE_LOADER = "$(TEST_HOST)";
				CODE_SIGN_STYLE = Automatic;
				DEVELOPMENT_TEAM = JQKS39UGZ3;
				INFOPLIST_FILE = FirstAppTests/Info.plist;
				LD_RUNPATH_SEARCH_PATHS = "$(inherited) @executable_path/Frameworks @loader_path/Frameworks";
				PRODUCT_BUNDLE_IDENTIFIER = com.ahmetsingan.FirstAppTests;
				PRODUCT_NAME = "$(TARGET_NAME)";
				SWIFT_VERSION = 4.0;
				TARGETED_DEVICE_FAMILY = "1,2";
				TEST_HOST = "$(BUILT_PRODUCTS_DIR)/FirstApp.app/FirstApp";
			};
			name = Debug;
		};
		9F78449D2057F6BE0092517B /* Release */ = {
			isa = XCBuildConfiguration;
			buildSettings = {
				ALWAYS_EMBED_SWIFT_STANDARD_LIBRARIES = YES;
				BUNDLE_LOADER = "$(TEST_HOST)";
				CODE_SIGN_STYLE = Automatic;
				DEVELOPMENT_TEAM = JQKS39UGZ3;
				INFOPLIST_FILE = FirstAppTests/Info.plist;
				LD_RUNPATH_SEARCH_PATHS = "$(inherited) @executable_path/Frameworks @loader_path/Frameworks";
				PRODUCT_BUNDLE_IDENTIFIER = com.ahmetsingan.FirstAppTests;
				PRODUCT_NAME = "$(TARGET_NAME)";
				SWIFT_VERSION = 4.0;
				TARGETED_DEVICE_FAMILY = "1,2";
				TEST_HOST = "$(BUILT_PRODUCTS_DIR)/FirstApp.app/FirstApp";
			};
			name = Release;
		};
		9F78449F2057F6BE0092517B /* Debug */ = {
			isa = XCBuildConfiguration;
			buildSettings = {
				ALWAYS_EMBED_SWIFT_STANDARD_LIBRARIES = YES;
				CODE_SIGN_STYLE = Automatic;
				DEVELOPMENT_TEAM = JQKS39UGZ3;
				INFOPLIST_FILE = FirstAppUITests/Info.plist;
				LD_RUNPATH_SEARCH_PATHS = "$(inherited) @executable_path/Frameworks @loader_path/Frameworks";
				PRODUCT_BUNDLE_IDENTIFIER = com.ahmetsingan.FirstAppUITests;
				PRODUCT_NAME = "$(TARGET_NAME)";
				SWIFT_VERSION = 4.0;
				TARGETED_DEVICE_FAMILY = "1,2";
				TEST_TARGET_NAME = FirstApp;
			};
			name = Debug;
		};
		9F7844A02057F6BE0092517B /* Release */ = {
			isa = XCBuildConfiguration;
			buildSettings = {
				ALWAYS_EMBED_SWIFT_STANDARD_LIBRARIES = YES;
				CODE_SIGN_STYLE = Automatic;
				DEVELOPMENT_TEAM = JQKS39UGZ3;
				INFOPLIST_FILE = FirstAppUITests/Info.plist;
				LD_RUNPATH_SEARCH_PATHS = "$(inherited) @executable_path/Frameworks @loader_path/Frameworks";
				PRODUCT_BUNDLE_IDENTIFIER = com.ahmetsingan.FirstAppUITests;
				PRODUCT_NAME = "$(TARGET_NAME)";
				SWIFT_VERSION = 4.0;
				TARGETED_DEVICE_FAMILY = "1,2";
				TEST_TARGET_NAME = FirstApp;
			};
			name = Release;
		};
/* End XCBuildConfiguration section */

/* Begin XCConfigurationList section */
		9F78446B2057F6BE0092517B /* Build configuration list for PBXProject "FirstApp" */ = {
			isa = XCConfigurationList;
			buildConfigurations = (
				9F7844962057F6BE0092517B /* Debug */,
				9F7844972057F6BE0092517B /* Release */,
			);
			defaultConfigurationIsVisible = 0;
			defaultConfigurationName = Release;
		};
		9F7844982057F6BE0092517B /* Build configuration list for PBXNativeTarget "FirstApp" */ = {
			isa = XCConfigurationList;
			buildConfigurations = (
				9F7844992057F6BE0092517B /* Debug */,
				9F78449A2057F6BE0092517B /* Release */,
			);
			defaultConfigurationIsVisible = 0;
			defaultConfigurationName = Release;
		};
		9F78449B2057F6BE0092517B /* Build configuration list for PBXNativeTarget "FirstAppTests" */ = {
			isa = XCConfigurationList;
			buildConfigurations = (
				9F78449C2057F6BE0092517B /* Debug */,
				9F78449D2057F6BE0092517B /* Release */,
			);
			defaultConfigurationIsVisible = 0;
			defaultConfigurationName = Release;
		};
		9F78449E2057F6BE0092517B /* Build configuration list for PBXNativeTarget "FirstAppUITests" */ = {
			isa = XCConfigurationList;
			buildConfigurations = (
				9F78449F2057F6BE0092517B /* Debug */,
				9F7844A02057F6BE0092517B /* Release */,
			);
			defaultConfigurationIsVisible = 0;
			defaultConfigurationName = Release;
		};
/* End XCConfigurationList section */
	};
	rootObject = 9F7844682057F6BE0092517B /* Project object */;
}
